
Microsoft Visual Studio Solution File, Format Version 12.00
# Visual Studio Version 17
VisualStudioVersion = 17.3.32901.215
MinimumVisualStudioVersion = 10.0.40219.1
Project("{FAE04EC0-301F-11D3-BF4B-00C04F79EFBC}") = "Ponavljanje-zad1", "Ponavljanje-zad1\Ponavljanje-zad1.csproj", "{CADE0F49-99F1-45F8-8DB3-A24E334DE19F}"
EndProject
Global
	GlobalSection(SolutionConfigurationPlatforms) = preSolution
		Debug|Any CPU = Debug|Any CPU
		Release|Any CPU = Release|Any CPU
	EndGlobalSection
	GlobalSection(ProjectConfigurationPlatforms) = postSolution
		{CADE0F49-99F1-45F8-8DB3-A24E334DE19F}.Debug|Any CPU.ActiveCfg = Debug|Any CPU
		{CADE0F49-99F1-45F8-8DB3-A24E334DE19F}.Debug|Any CPU.Build.0 = Debug|Any CPU
		{CADE0F49-99F1-45F8-8DB3-A24E334DE19F}.Release|Any CPU.ActiveCfg = Release|Any CPU
		{CADE0F49-99F1-45F8-8DB3-A24E334DE19F}.Release|Any CPU.Build.0 = Release|Any CPU
	EndGlobalSection
	GlobalSection(SolutionProperties) = preSolution
		HideSolutionNode = FALSE
	EndGlobalSection
	GlobalSection(ExtensibilityGlobals) = postSolution
		SolutionGuid = {9C6BA71F-323E-4896-B383-D4055A56819A}
	EndGlobalSection
EndGlobal
